
Microsoft Visual Studio Solution File, Format Version 12.00
# Visual Studio Version 17
VisualStudioVersion = 17.11.35208.52
MinimumVisualStudioVersion = 10.0.40219.1
Project("{2150E333-8FDC-42A3-9474-1A3956D46DE8}") = "src", "src", "{EA3F3C1C-8150-4613-B182-E533F72A6690}"
EndProject
Project("{2150E333-8FDC-42A3-9474-1A3956D46DE8}") = "test", "test", "{BFA66D57-FC0A-445C-BB04-E5464721E560}"
EndProject
Project("{2150E333-8FDC-42A3-9474-1A3956D46DE8}") = "API", "API", "{D67E9778-4757-44D7-BC91-59E394AE9037}"
EndProject
Project("{2150E333-8FDC-42A3-9474-1A3956D46DE8}") = "Core", "Core", "{F6D5B2D4-16DF-4708-A2D4-FB6757ABA719}"
EndProject
Project("{2150E333-8FDC-42A3-9474-1A3956D46DE8}") = "Infrastructure", "Infrastructure", "{14E8846D-DAA3-46E8-ACBB-0CC7B5CF753B}"
EndProject
Project("{2150E333-8FDC-42A3-9474-1A3956D46DE8}") = "UI", "UI", "{41AF34D3-3084-4E4D-980C-607FAE7CA9E0}"
EndProject
Project("{9A19103F-16F7-4668-BE54-9A1E7A4F7556}") = "HR.LeaveManagement.Domain", "HR.LeaveManagement.Domain\HR.LeaveManagement.Domain.csproj", "{73400FAB-CBD0-4258-A53A-78FBC28A2F37}"
EndProject
Project("{9A19103F-16F7-4668-BE54-9A1E7A4F7556}") = "HR.LeaveManagement.Application", "HR.LeaveManagement.Application\HR.LeaveManagement.Application.csproj", "{2A74C5AD-C88A-4869-880B-28140E6A0F86}"
EndProject
Project("{9A19103F-16F7-4668-BE54-9A1E7A4F7556}") = "HR.LeaveManagement.Persistence", "HR.LeaveManagement.Persistence\HR.LeaveManagement.Persistence.csproj", "{E990E768-FCE6-4462-AB85-D6FA320B45EF}"
EndProject
Project("{9A19103F-16F7-4668-BE54-9A1E7A4F7556}") = "HR.LeaveManagement.Infrastructure", "HR.LeaveManagement.Infrastructure\HR.LeaveManagement.Infrastructure.csproj", "{0D46BE6A-8A2E-4643-8FF2-54C8A82DA373}"
EndProject
Project("{9A19103F-16F7-4668-BE54-9A1E7A4F7556}") = "HR.LeaveManagement.Api", "HR.LeaveManagement.Api\HR.LeaveManagement.Api.csproj", "{81B88E09-E219-4E5E-927F-2F007BF2BDF9}"
EndProject
Project("{9A19103F-16F7-4668-BE54-9A1E7A4F7556}") = "HR.LeaveManagement.Applications.UnitTests", "HR.LeaveManagement.Applications.UnitTests\HR.LeaveManagement.Applications.UnitTests.csproj", "{D754DCAA-663F-4F3E-84A8-A1E00800F940}"
EndProject
Project("{9A19103F-16F7-4668-BE54-9A1E7A4F7556}") = "HR.LeaveManagement.Persistence.IntegrationTests", "HR.LeaveManagement.Persistence.UnitTests\HR.LeaveManagement.Persistence.IntegrationTests.csproj", "{571BA07A-76F7-4539-9279-24AB50C24D21}"
EndProject
Project("{9A19103F-16F7-4668-BE54-9A1E7A4F7556}") = "HR.LeaveManagement.BlazorUI", "HR.LeaveManagement.BlazorUI\HR.LeaveManagement.BlazorUI.csproj", "{EE7576E3-F330-42E3-9B0E-274AC68B8CA9}"
EndProject
Project("{FAE04EC0-301F-11D3-BF4B-00C04F79EFBC}") = "HR.LeaveManagement.Identity", "HR.LeaveManagement.Identity\HR.LeaveManagement.Identity.csproj", "{42FFA014-DC71-4180-97B5-A55967F6D855}"
EndProject
Global
	GlobalSection(SolutionConfigurationPlatforms) = preSolution
		Debug|Any CPU = Debug|Any CPU
		Release|Any CPU = Release|Any CPU
	EndGlobalSection
	GlobalSection(ProjectConfigurationPlatforms) = postSolution
		{73400FAB-CBD0-4258-A53A-78FBC28A2F37}.Debug|Any CPU.ActiveCfg = Debug|Any CPU
		{73400FAB-CBD0-4258-A53A-78FBC28A2F37}.Debug|Any CPU.Build.0 = Debug|Any CPU
		{73400FAB-CBD0-4258-A53A-78FBC28A2F37}.Release|Any CPU.ActiveCfg = Release|Any CPU
		{73400FAB-CBD0-4258-A53A-78FBC28A2F37}.Release|Any CPU.Build.0 = Release|Any CPU
		{2A74C5AD-C88A-4869-880B-28140E6A0F86}.Debug|Any CPU.ActiveCfg = Debug|Any CPU
		{2A74C5AD-C88A-4869-880B-28140E6A0F86}.Debug|Any CPU.Build.0 = Debug|Any CPU
		{2A74C5AD-C88A-4869-880B-28140E6A0F86}.Release|Any CPU.ActiveCfg = Release|Any CPU
		{2A74C5AD-C88A-4869-880B-28140E6A0F86}.Release|Any CPU.Build.0 = Release|Any CPU
		{E990E768-FCE6-4462-AB85-D6FA320B45EF}.Debug|Any CPU.ActiveCfg = Debug|Any CPU
		{E990E768-FCE6-4462-AB85-D6FA320B45EF}.Debug|Any CPU.Build.0 = Debug|Any CPU
		{E990E768-FCE6-4462-AB85-D6FA320B45EF}.Release|Any CPU.ActiveCfg = Release|Any CPU
		{E990E768-FCE6-4462-AB85-D6FA320B45EF}.Release|Any CPU.Build.0 = Release|Any CPU
		{0D46BE6A-8A2E-4643-8FF2-54C8A82DA373}.Debug|Any CPU.ActiveCfg = Debug|Any CPU
		{0D46BE6A-8A2E-4643-8FF2-54C8A82DA373}.Debug|Any CPU.Build.0 = Debug|Any CPU
		{0D46BE6A-8A2E-4643-8FF2-54C8A82DA373}.Release|Any CPU.ActiveCfg = Release|Any CPU
		{0D46BE6A-8A2E-4643-8FF2-54C8A82DA373}.Release|Any CPU.Build.0 = Release|Any CPU
		{81B88E09-E219-4E5E-927F-2F007BF2BDF9}.Debug|Any CPU.ActiveCfg = Debug|Any CPU
		{81B88E09-E219-4E5E-927F-2F007BF2BDF9}.Debug|Any CPU.Build.0 = Debug|Any CPU
		{81B88E09-E219-4E5E-927F-2F007BF2BDF9}.Release|Any CPU.ActiveCfg = Release|Any CPU
		{81B88E09-E219-4E5E-927F-2F007BF2BDF9}.Release|Any CPU.Build.0 = Release|Any CPU
		{D754DCAA-663F-4F3E-84A8-A1E00800F940}.Debug|Any CPU.ActiveCfg = Debug|Any CPU
		{D754DCAA-663F-4F3E-84A8-A1E00800F940}.Debug|Any CPU.Build.0 = Debug|Any CPU
		{D754DCAA-663F-4F3E-84A8-A1E00800F940}.Release|Any CPU.ActiveCfg = Release|Any CPU
		{D754DCAA-663F-4F3E-84A8-A1E00800F940}.Release|Any CPU.Build.0 = Release|Any CPU
		{571BA07A-76F7-4539-9279-24AB50C24D21}.Debug|Any CPU.ActiveCfg = Debug|Any CPU
		{571BA07A-76F7-4539-9279-24AB50C24D21}.Debug|Any CPU.Build.0 = Debug|Any CPU
		{571BA07A-76F7-4539-9279-24AB50C24D21}.Release|Any CPU.ActiveCfg = Release|Any CPU
		{571BA07A-76F7-4539-9279-24AB50C24D21}.Release|Any CPU.Build.0 = Release|Any CPU
		{EE7576E3-F330-42E3-9B0E-274AC68B8CA9}.Debug|Any CPU.ActiveCfg = Debug|Any CPU
		{EE7576E3-F330-42E3-9B0E-274AC68B8CA9}.Debug|Any CPU.Build.0 = Debug|Any CPU
		{EE7576E3-F330-42E3-9B0E-274AC68B8CA9}.Release|Any CPU.ActiveCfg = Release|Any CPU
		{EE7576E3-F330-42E3-9B0E-274AC68B8CA9}.Release|Any CPU.Build.0 = Release|Any CPU
		{42FFA014-DC71-4180-97B5-A55967F6D855}.Debug|Any CPU.ActiveCfg = Debug|Any CPU
		{42FFA014-DC71-4180-97B5-A55967F6D855}.Debug|Any CPU.Build.0 = Debug|Any CPU
		{42FFA014-DC71-4180-97B5-A55967F6D855}.Release|Any CPU.ActiveCfg = Release|Any CPU
		{42FFA014-DC71-4180-97B5-A55967F6D855}.Release|Any CPU.Build.0 = Release|Any CPU
	EndGlobalSection
	GlobalSection(SolutionProperties) = preSolution
		HideSolutionNode = FALSE
	EndGlobalSection
	GlobalSection(NestedProjects) = preSolution
		{D67E9778-4757-44D7-BC91-59E394AE9037} = {EA3F3C1C-8150-4613-B182-E533F72A6690}
		{F6D5B2D4-16DF-4708-A2D4-FB6757ABA719} = {EA3F3C1C-8150-4613-B182-E533F72A6690}
		{14E8846D-DAA3-46E8-ACBB-0CC7B5CF753B} = {EA3F3C1C-8150-4613-B182-E533F72A6690}
		{41AF34D3-3084-4E4D-980C-607FAE7CA9E0} = {EA3F3C1C-8150-4613-B182-E533F72A6690}
		{73400FAB-CBD0-4258-A53A-78FBC28A2F37} = {F6D5B2D4-16DF-4708-A2D4-FB6757ABA719}
		{2A74C5AD-C88A-4869-880B-28140E6A0F86} = {F6D5B2D4-16DF-4708-A2D4-FB6757ABA719}
		{E990E768-FCE6-4462-AB85-D6FA320B45EF} = {14E8846D-DAA3-46E8-ACBB-0CC7B5CF753B}
		{0D46BE6A-8A2E-4643-8FF2-54C8A82DA373} = {14E8846D-DAA3-46E8-ACBB-0CC7B5CF753B}
		{81B88E09-E219-4E5E-927F-2F007BF2BDF9} = {D67E9778-4757-44D7-BC91-59E394AE9037}
		{D754DCAA-663F-4F3E-84A8-A1E00800F940} = {BFA66D57-FC0A-445C-BB04-E5464721E560}
		{571BA07A-76F7-4539-9279-24AB50C24D21} = {BFA66D57-FC0A-445C-BB04-E5464721E560}
		{EE7576E3-F330-42E3-9B0E-274AC68B8CA9} = {41AF34D3-3084-4E4D-980C-607FAE7CA9E0}
		{42FFA014-DC71-4180-97B5-A55967F6D855} = {14E8846D-DAA3-46E8-ACBB-0CC7B5CF753B}
	EndGlobalSection
	GlobalSection(ExtensibilityGlobals) = postSolution
		SolutionGuid = {4B6E3CE3-2EC7-4147-8237-4D490C275F83}
	EndGlobalSection
EndGlobal
